
Microsoft Visual Studio Solution File, Format Version 12.00
# Visual Studio Version 17
VisualStudioVersion = 17.1.32328.378
MinimumVisualStudioVersion = 10.0.40219.1
Project("{FAE04EC0-301F-11D3-BF4B-00C04F79EFBC}") = "Calculator", "Calculator.csproj", "{F171A698-5754-4FB3-B4E8-835496F064CB}"
EndProject
Project("{FAE04EC0-301F-11D3-BF4B-00C04F79EFBC}") = "MathematicaLibraryIVS.UnitTests", "..\Math_Library.UnitTests\MathematicaLibraryIVS.UnitTests.csproj", "{82172550-B3DC-4B00-8A83-4328EB7DDEC0}"
EndProject
Project("{FAE04EC0-301F-11D3-BF4B-00C04F79EFBC}") = "MathematicaLibraryIVS", "..\MathematicaLibraryIVS\MathematicaLibraryIVS.csproj", "{AFC288A1-7D61-4A13-B84E-FB4DDD051060}"
EndProject
Project("{FAE04EC0-301F-11D3-BF4B-00C04F79EFBC}") = "StandardDeviation", "..\StandardDeviation\StandardDeviation.csproj", "{FD04B9F0-F0F2-4A63-B829-7A74D7FAA93C}"
EndProject
Global
	GlobalSection(SolutionConfigurationPlatforms) = preSolution
		Debug|Any CPU = Debug|Any CPU
		Debug|ARM = Debug|ARM
		Debug|ARM64 = Debug|ARM64
		Debug|x64 = Debug|x64
		Debug|x86 = Debug|x86
		Release|Any CPU = Release|Any CPU
		Release|ARM = Release|ARM
		Release|ARM64 = Release|ARM64
		Release|x64 = Release|x64
		Release|x86 = Release|x86
	EndGlobalSection
	GlobalSection(ProjectConfigurationPlatforms) = postSolution
		{F171A698-5754-4FB3-B4E8-835496F064CB}.Debug|Any CPU.ActiveCfg = Debug|Any CPU
		{F171A698-5754-4FB3-B4E8-835496F064CB}.Debug|Any CPU.Build.0 = Debug|Any CPU
		{F171A698-5754-4FB3-B4E8-835496F064CB}.Debug|ARM.ActiveCfg = Debug|Any CPU
		{F171A698-5754-4FB3-B4E8-835496F064CB}.Debug|ARM.Build.0 = Debug|Any CPU
		{F171A698-5754-4FB3-B4E8-835496F064CB}.Debug|ARM64.ActiveCfg = Debug|Any CPU
		{F171A698-5754-4FB3-B4E8-835496F064CB}.Debug|ARM64.Build.0 = Debug|Any CPU
		{F171A698-5754-4FB3-B4E8-835496F064CB}.Debug|x64.ActiveCfg = Debug|Any CPU
		{F171A698-5754-4FB3-B4E8-835496F064CB}.Debug|x64.Build.0 = Debug|Any CPU
		{F171A698-5754-4FB3-B4E8-835496F064CB}.Debug|x86.ActiveCfg = Debug|Any CPU
		{F171A698-5754-4FB3-B4E8-835496F064CB}.Debug|x86.Build.0 = Debug|Any CPU
		{F171A698-5754-4FB3-B4E8-835496F064CB}.Release|Any CPU.ActiveCfg = Release|Any CPU
		{F171A698-5754-4FB3-B4E8-835496F064CB}.Release|Any CPU.Build.0 = Release|Any CPU
		{F171A698-5754-4FB3-B4E8-835496F064CB}.Release|ARM.ActiveCfg = Release|Any CPU
		{F171A698-5754-4FB3-B4E8-835496F064CB}.Release|ARM.Build.0 = Release|Any CPU
		{F171A698-5754-4FB3-B4E8-835496F064CB}.Release|ARM64.ActiveCfg = Release|Any CPU
		{F171A698-5754-4FB3-B4E8-835496F064CB}.Release|ARM64.Build.0 = Release|Any CPU
		{F171A698-5754-4FB3-B4E8-835496F064CB}.Release|x64.ActiveCfg = Release|Any CPU
		{F171A698-5754-4FB3-B4E8-835496F064CB}.Release|x64.Build.0 = Release|Any CPU
		{F171A698-5754-4FB3-B4E8-835496F064CB}.Release|x86.ActiveCfg = Release|Any CPU
		{F171A698-5754-4FB3-B4E8-835496F064CB}.Release|x86.Build.0 = Release|Any CPU
		{82172550-B3DC-4B00-8A83-4328EB7DDEC0}.Debug|Any CPU.ActiveCfg = Debug|Any CPU
		{82172550-B3DC-4B00-8A83-4328EB7DDEC0}.Debug|Any CPU.Build.0 = Debug|Any CPU
		{82172550-B3DC-4B00-8A83-4328EB7DDEC0}.Debug|ARM.ActiveCfg = Debug|Any CPU
		{82172550-B3DC-4B00-8A83-4328EB7DDEC0}.Debug|ARM.Build.0 = Debug|Any CPU
		{82172550-B3DC-4B00-8A83-4328EB7DDEC0}.Debug|ARM64.ActiveCfg = Debug|Any CPU
		{82172550-B3DC-4B00-8A83-4328EB7DDEC0}.Debug|ARM64.Build.0 = Debug|Any CPU
		{82172550-B3DC-4B00-8A83-4328EB7DDEC0}.Debug|x64.ActiveCfg = Debug|Any CPU
		{82172550-B3DC-4B00-8A83-4328EB7DDEC0}.Debug|x64.Build.0 = Debug|Any CPU
		{82172550-B3DC-4B00-8A83-4328EB7DDEC0}.Debug|x86.ActiveCfg = Debug|Any CPU
		{82172550-B3DC-4B00-8A83-4328EB7DDEC0}.Debug|x86.Build.0 = Debug|Any CPU
		{82172550-B3DC-4B00-8A83-4328EB7DDEC0}.Release|Any CPU.ActiveCfg = Release|Any CPU
		{82172550-B3DC-4B00-8A83-4328EB7DDEC0}.Release|Any CPU.Build.0 = Release|Any CPU
		{82172550-B3DC-4B00-8A83-4328EB7DDEC0}.Release|ARM.ActiveCfg = Release|Any CPU
		{82172550-B3DC-4B00-8A83-4328EB7DDEC0}.Release|ARM.Build.0 = Release|Any CPU
		{82172550-B3DC-4B00-8A83-4328EB7DDEC0}.Release|ARM64.ActiveCfg = Release|Any CPU
		{82172550-B3DC-4B00-8A83-4328EB7DDEC0}.Release|ARM64.Build.0 = Release|Any CPU
		{82172550-B3DC-4B00-8A83-4328EB7DDEC0}.Release|x64.ActiveCfg = Release|Any CPU
		{82172550-B3DC-4B00-8A83-4328EB7DDEC0}.Release|x64.Build.0 = Release|Any CPU
		{82172550-B3DC-4B00-8A83-4328EB7DDEC0}.Release|x86.ActiveCfg = Release|Any CPU
		{82172550-B3DC-4B00-8A83-4328EB7DDEC0}.Release|x86.Build.0 = Release|Any CPU
		{AFC288A1-7D61-4A13-B84E-FB4DDD051060}.Debug|Any CPU.ActiveCfg = Debug|Any CPU
		{AFC288A1-7D61-4A13-B84E-FB4DDD051060}.Debug|Any CPU.Build.0 = Debug|Any CPU
		{AFC288A1-7D61-4A13-B84E-FB4DDD051060}.Debug|ARM.ActiveCfg = Debug|Any CPU
		{AFC288A1-7D61-4A13-B84E-FB4DDD051060}.Debug|ARM.Build.0 = Debug|Any CPU
		{AFC288A1-7D61-4A13-B84E-FB4DDD051060}.Debug|ARM64.ActiveCfg = Debug|Any CPU
		{AFC288A1-7D61-4A13-B84E-FB4DDD051060}.Debug|ARM64.Build.0 = Debug|Any CPU
		{AFC288A1-7D61-4A13-B84E-FB4DDD051060}.Debug|x64.ActiveCfg = Debug|Any CPU
		{AFC288A1-7D61-4A13-B84E-FB4DDD051060}.Debug|x64.Build.0 = Debug|Any CPU
		{AFC288A1-7D61-4A13-B84E-FB4DDD051060}.Debug|x86.ActiveCfg = Debug|Any CPU
		{AFC288A1-7D61-4A13-B84E-FB4DDD051060}.Debug|x86.Build.0 = Debug|Any CPU
		{AFC288A1-7D61-4A13-B84E-FB4DDD051060}.Release|Any CPU.ActiveCfg = Release|Any CPU
		{AFC288A1-7D61-4A13-B84E-FB4DDD051060}.Release|Any CPU.Build.0 = Release|Any CPU
		{AFC288A1-7D61-4A13-B84E-FB4DDD051060}.Release|ARM.ActiveCfg = Release|Any CPU
		{AFC288A1-7D61-4A13-B84E-FB4DDD051060}.Release|ARM.Build.0 = Release|Any CPU
		{AFC288A1-7D61-4A13-B84E-FB4DDD051060}.Release|ARM64.ActiveCfg = Release|Any CPU
		{AFC288A1-7D61-4A13-B84E-FB4DDD051060}.Release|ARM64.Build.0 = Release|Any CPU
		{AFC288A1-7D61-4A13-B84E-FB4DDD051060}.Release|x64.ActiveCfg = Release|Any CPU
		{AFC288A1-7D61-4A13-B84E-FB4DDD051060}.Release|x64.Build.0 = Release|Any CPU
		{AFC288A1-7D61-4A13-B84E-FB4DDD051060}.Release|x86.ActiveCfg = Release|Any CPU
		{AFC288A1-7D61-4A13-B84E-FB4DDD051060}.Release|x86.Build.0 = Release|Any CPU
		{FD04B9F0-F0F2-4A63-B829-7A74D7FAA93C}.Debug|Any CPU.ActiveCfg = Debug|Any CPU
		{FD04B9F0-F0F2-4A63-B829-7A74D7FAA93C}.Debug|Any CPU.Build.0 = Debug|Any CPU
		{FD04B9F0-F0F2-4A63-B829-7A74D7FAA93C}.Debug|ARM.ActiveCfg = Debug|Any CPU
		{FD04B9F0-F0F2-4A63-B829-7A74D7FAA93C}.Debug|ARM.Build.0 = Debug|Any CPU
		{FD04B9F0-F0F2-4A63-B829-7A74D7FAA93C}.Debug|ARM64.ActiveCfg = Debug|Any CPU
		{FD04B9F0-F0F2-4A63-B829-7A74D7FAA93C}.Debug|ARM64.Build.0 = Debug|Any CPU
		{FD04B9F0-F0F2-4A63-B829-7A74D7FAA93C}.Debug|x64.ActiveCfg = Debug|Any CPU
		{FD04B9F0-F0F2-4A63-B829-7A74D7FAA93C}.Debug|x64.Build.0 = Debug|Any CPU
		{FD04B9F0-F0F2-4A63-B829-7A74D7FAA93C}.Debug|x86.ActiveCfg = Debug|Any CPU
		{FD04B9F0-F0F2-4A63-B829-7A74D7FAA93C}.Debug|x86.Build.0 = Debug|Any CPU
		{FD04B9F0-F0F2-4A63-B829-7A74D7FAA93C}.Release|Any CPU.ActiveCfg = Release|Any CPU
		{FD04B9F0-F0F2-4A63-B829-7A74D7FAA93C}.Release|Any CPU.Build.0 = Release|Any CPU
		{FD04B9F0-F0F2-4A63-B829-7A74D7FAA93C}.Release|ARM.ActiveCfg = Release|Any CPU
		{FD04B9F0-F0F2-4A63-B829-7A74D7FAA93C}.Release|ARM.Build.0 = Release|Any CPU
		{FD04B9F0-F0F2-4A63-B829-7A74D7FAA93C}.Release|ARM64.ActiveCfg = Release|Any CPU
		{FD04B9F0-F0F2-4A63-B829-7A74D7FAA93C}.Release|ARM64.Build.0 = Release|Any CPU
		{FD04B9F0-F0F2-4A63-B829-7A74D7FAA93C}.Release|x64.ActiveCfg = Release|Any CPU
		{FD04B9F0-F0F2-4A63-B829-7A74D7FAA93C}.Release|x64.Build.0 = Release|Any CPU
		{FD04B9F0-F0F2-4A63-B829-7A74D7FAA93C}.Release|x86.ActiveCfg = Release|Any CPU
		{FD04B9F0-F0F2-4A63-B829-7A74D7FAA93C}.Release|x86.Build.0 = Release|Any CPU
	EndGlobalSection
	GlobalSection(SolutionProperties) = preSolution
		HideSolutionNode = FALSE
	EndGlobalSection
	GlobalSection(ExtensibilityGlobals) = postSolution
		SolutionGuid = {B7432032-D5CC-4521-8B56-19DFBE546BBD}
	EndGlobalSection
EndGlobal
